// !$*UTF8*$!
{
	archiveVersion = 1;
	classes = {
	};
	objectVersion = 77;
	objects = {

/* Begin PBXBuildFile section */
		BBE998A82F2A102200C79ED8 /* EventKit.framework in Frameworks */ = {isa = PBXBuildFile; fileRef = BBE998A72F2A102200C79ED8 /* EventKit.framework */; };
		BBE998B82F2A15EA00C79ED8 /* AppGroupSettings.swift in Sources */ = {isa = PBXBuildFile; fileRef = BBE998B72F2A15EA00C79ED8 /* AppGroupSettings.swift */; };
		BBE998B92F2A165300C79ED8 /* AppGroupSettings.swift in Sources */ = {isa = PBXBuildFile; fileRef = BBE998B72F2A15EA00C79ED8 /* AppGroupSettings.swift */; };
		BBE998E82F2A4D9100C79ED8 /* CalendarFreedomExtension.appex in Embed Foundation Extensions */ = {isa = PBXBuildFile; fileRef = BBE998A52F2A102200C79ED8 /* CalendarFreedomExtension.appex */; settings = {ATTRIBUTES = (RemoveHeadersOnCopy, ); }; };
		BBE998F12F2A600100C79ED8 /* RoomType.swift in Sources */ = {isa = PBXBuildFile; fileRef = BBE998F02F2A600000C79ED8 /* RoomType.swift */; };
		BBE998F22F2A600200C79ED8 /* RoomType.swift in Sources */ = {isa = PBXBuildFile; fileRef = BBE998F02F2A600000C79ED8 /* RoomType.swift */; };
/* End PBXBuildFile section */

/* Begin PBXContainerItemProxy section */
		BBE998DC2F2A418D00C79ED8 /* PBXContainerItemProxy */ = {
			isa = PBXContainerItemProxy;
			containerPortal = BBE998872F2A0C8900C79ED8 /* Project object */;
			proxyType = 1;
			remoteGlobalIDString = BBE998A42F2A102200C79ED8;
			remoteInfo = CalendarFreedomExtension;
		};
		BBE998E12F2A4D1800C79ED8 /* PBXContainerItemProxy */ = {
			isa = PBXContainerItemProxy;
			containerPortal = BBE998872F2A0C8900C79ED8 /* Project object */;
			proxyType = 1;
			remoteGlobalIDString = BBE998A42F2A102200C79ED8;
			remoteInfo = CalendarFreedomExtension;
		};
		BBE998E52F2A4D8300C79ED8 /* PBXContainerItemProxy */ = {
			isa = PBXContainerItemProxy;
			containerPortal = BBE998872F2A0C8900C79ED8 /* Project object */;
			proxyType = 1;
			remoteGlobalIDString = BBE998A42F2A102200C79ED8;
			remoteInfo = CalendarFreedomExtension;
		};
		BBE998E92F2A4D9100C79ED8 /* PBXContainerItemProxy */ = {
			isa = PBXContainerItemProxy;
			containerPortal = BBE998872F2A0C8900C79ED8 /* Project object */;
			proxyType = 1;
			remoteGlobalIDString = BBE998A42F2A102200C79ED8;
			remoteInfo = CalendarFreedomExtension;
		};
/* End PBXContainerItemProxy section */

/* Begin PBXCopyFilesBuildPhase section */
		BBE998EB2F2A4D9100C79ED8 /* Embed Foundation Extensions */ = {
			isa = PBXCopyFilesBuildPhase;
			buildActionMask = 2147483647;
			dstPath = "";
			dstSubfolderSpec = 13;
			files = (
				BBE998E82F2A4D9100C79ED8 /* CalendarFreedomExtension.appex in Embed Foundation Extensions */,
			);
			name = "Embed Foundation Extensions";
			runOnlyForDeploymentPostprocessing = 0;
		};
/* End PBXCopyFilesBuildPhase section */

/* Begin PBXFileReference section */
		BBE9988F2F2A0C8900C79ED8 /* Calendar Freedom.app */ = {isa = PBXFileReference; explicitFileType = wrapper.application; includeInIndex = 0; path = "Calendar Freedom.app"; sourceTree = BUILT_PRODUCTS_DIR; };
		BBE998A52F2A102200C79ED8 /* CalendarFreedomExtension.appex */ = {isa = PBXFileReference; explicitFileType = "wrapper.app-extension"; includeInIndex = 0; path = CalendarFreedomExtension.appex; sourceTree = BUILT_PRODUCTS_DIR; };
		BBE998A72F2A102200C79ED8 /* EventKit.framework */ = {isa = PBXFileReference; lastKnownFileType = wrapper.framework; name = EventKit.framework; path = System/Library/Frameworks/EventKit.framework; sourceTree = SDKROOT; };
		BBE998B72F2A15EA00C79ED8 /* AppGroupSettings.swift */ = {isa = PBXFileReference; lastKnownFileType = sourcecode.swift; path = AppGroupSettings.swift; sourceTree = "<group>"; };
		BBE998F02F2A600000C79ED8 /* RoomType.swift */ = {isa = PBXFileReference; lastKnownFileType = sourcecode.swift; path = RoomType.swift; sourceTree = "<group>"; };
/* End PBXFileReference section */

/* Begin PBXFileSystemSynchronizedBuildFileExceptionSet section */
		BBE998B02F2A102200C79ED8 /* Exceptions for "CalendarFreedomExtension" folder in "CalendarFreedomExtension" target */ = {
			isa = PBXFileSystemSynchronizedBuildFileExceptionSet;
			membershipExceptions = (
				Info.plist,
			);
			target = BBE998A42F2A102200C79ED8 /* CalendarFreedomExtension */;
		};
		BBE998BB2F2A1BB400C79ED8 /* Exceptions for "Calendar Freedom" folder in "CalendarFreedomExtension" target */ = {
			isa = PBXFileSystemSynchronizedBuildFileExceptionSet;
			membershipExceptions = (
				AppSettings.swift,
			);
			target = BBE998A42F2A102200C79ED8 /* CalendarFreedomExtension */;
		};
/* End PBXFileSystemSynchronizedBuildFileExceptionSet section */

/* Begin PBXFileSystemSynchronizedRootGroup section */
		BBE998912F2A0C8900C79ED8 /* Calendar Freedom */ = {
			isa = PBXFileSystemSynchronizedRootGroup;
			exceptions = (
				BBE998BB2F2A1BB400C79ED8 /* Exceptions for "Calendar Freedom" folder in "CalendarFreedomExtension" target */,
			);
			path = "Calendar Freedom";
			sourceTree = "<group>";
		};
		BBE998A92F2A102200C79ED8 /* CalendarFreedomExtension */ = {
			isa = PBXFileSystemSynchronizedRootGroup;
			exceptions = (
				BBE998B02F2A102200C79ED8 /* Exceptions for "CalendarFreedomExtension" folder in "CalendarFreedomExtension" target */,
			);
			path = CalendarFreedomExtension;
			sourceTree = "<group>";
		};
/* End PBXFileSystemSynchronizedRootGroup section */

/* Begin PBXFrameworksBuildPhase section */
		BBE9988C2F2A0C8900C79ED8 /* Frameworks */ = {
			isa = PBXFrameworksBuildPhase;
			buildActionMask = 2147483647;
			files = (
			);
			runOnlyForDeploymentPostprocessing = 0;
		};
		BBE998A22F2A102200C79ED8 /* Frameworks */ = {
			isa = PBXFrameworksBuildPhase;
			buildActionMask = 2147483647;
			files = (
				BBE998A82F2A102200C79ED8 /* EventKit.framework in Frameworks */,
			);
			runOnlyForDeploymentPostprocessing = 0;
		};
/* End PBXFrameworksBuildPhase section */

/* Begin PBXGroup section */
		BBE998862F2A0C8900C79ED8 = {
			isa = PBXGroup;
			children = (
				BBE998B62F2A15BD00C79ED8 /* Shared */,
				BBE998912F2A0C8900C79ED8 /* Calendar Freedom */,
				BBE998A92F2A102200C79ED8 /* CalendarFreedomExtension */,
				BBE998A62F2A102200C79ED8 /* Frameworks */,
				BBE998902F2A0C8900C79ED8 /* Products */,
			);
			sourceTree = "<group>";
		};
		BBE998902F2A0C8900C79ED8 /* Products */ = {
			isa = PBXGroup;
			children = (
				BBE9988F2F2A0C8900C79ED8 /* Calendar Freedom.app */,
				BBE998A52F2A102200C79ED8 /* CalendarFreedomExtension.appex */,
			);
			name = Products;
			sourceTree = "<group>";
		};
		BBE998A62F2A102200C79ED8 /* Frameworks */ = {
			isa = PBXGroup;
			children = (
				BBE998A72F2A102200C79ED8 /* EventKit.framework */,
			);
			name = Frameworks;
			sourceTree = "<group>";
		};
		BBE998B62F2A15BD00C79ED8 /* Shared */ = {
			isa = PBXGroup;
			children = (
				BBE998B72F2A15EA00C79ED8 /* AppGroupSettings.swift */,
				BBE998F02F2A600000C79ED8 /* RoomType.swift */,
			);
			path = Shared;
			sourceTree = "<group>";
		};
/* End PBXGroup section */

/* Begin PBXNativeTarget section */
		BBE9988E2F2A0C8900C79ED8 /* Calendar Freedom */ = {
			isa = PBXNativeTarget;
			buildConfigurationList = BBE9989A2F2A0C8B00C79ED8 /* Build configuration list for PBXNativeTarget "Calendar Freedom" */;
			buildPhases = (
				BBE9988B2F2A0C8900C79ED8 /* Sources */,
				BBE9988C2F2A0C8900C79ED8 /* Frameworks */,
				BBE9988D2F2A0C8900C79ED8 /* Resources */,
				BBE998EB2F2A4D9100C79ED8 /* Embed Foundation Extensions */,
			);
			buildRules = (
			);
			dependencies = (
				BBE998DD2F2A418D00C79ED8 /* PBXTargetDependency */,
				BBE998E22F2A4D1800C79ED8 /* PBXTargetDependency */,
				BBE998E62F2A4D8300C79ED8 /* PBXTargetDependency */,
				BBE998EA2F2A4D9100C79ED8 /* PBXTargetDependency */,
			);
			fileSystemSynchronizedGroups = (
				BBE998912F2A0C8900C79ED8 /* Calendar Freedom */,
			);
			name = "Calendar Freedom";
			packageProductDependencies = (
			);
			productName = "Calendar Freedom";
			productReference = BBE9988F2F2A0C8900C79ED8 /* Calendar Freedom.app */;
			productType = "com.apple.product-type.application";
		};
		BBE998A42F2A102200C79ED8 /* CalendarFreedomExtension */ = {
			isa = PBXNativeTarget;
			buildConfigurationList = BBE998B12F2A102200C79ED8 /* Build configuration list for PBXNativeTarget "CalendarFreedomExtension" */;
			buildPhases = (
				BBE998A12F2A102200C79ED8 /* Sources */,
				BBE998A22F2A102200C79ED8 /* Frameworks */,
				BBE998A32F2A102200C79ED8 /* Resources */,
			);
			buildRules = (
			);
			dependencies = (
			);
			fileSystemSynchronizedGroups = (
				BBE998A92F2A102200C79ED8 /* CalendarFreedomExtension */,
			);
			name = CalendarFreedomExtension;
			packageProductDependencies = (
			);
			productName = CalendarFreedomExtension;
			productReference = BBE998A52F2A102200C79ED8 /* CalendarFreedomExtension.appex */;
			productType = "com.apple.product-type.app-extension";
		};
/* End PBXNativeTarget section */

/* Begin PBXProject section */
		BBE998872F2A0C8900C79ED8 /* Project object */ = {
			isa = PBXProject;
			attributes = {
				BuildIndependentTargetsInParallel = 1;
				LastSwiftUpdateCheck = 2620;
				LastUpgradeCheck = 2620;
				TargetAttributes = {
					BBE9988E2F2A0C8900C79ED8 = {
						CreatedOnToolsVersion = 26.2;
					};
					BBE998A42F2A102200C79ED8 = {
						CreatedOnToolsVersion = 26.2;
					};
				};
			};
			buildConfigurationList = BBE9988A2F2A0C8900C79ED8 /* Build configuration list for PBXProject "Calendar Freedom" */;
			developmentRegion = en;
			hasScannedForEncodings = 0;
			knownRegions = (
				en,
				Base,
			);
			mainGroup = BBE998862F2A0C8900C79ED8;
			minimizedProjectReferenceProxies = 1;
			preferredProjectObjectVersion = 77;
			productRefGroup = BBE998902F2A0C8900C79ED8 /* Products */;
			projectDirPath = "";
			projectRoot = "";
			targets = (
				BBE9988E2F2A0C8900C79ED8 /* Calendar Freedom */,
				BBE998A42F2A102200C79ED8 /* CalendarFreedomExtension */,
			);
		};
/* End PBXProject section */

/* Begin PBXResourcesBuildPhase section */
		BBE9988D2F2A0C8900C79ED8 /* Resources */ = {
			isa = PBXResourcesBuildPhase;
			buildActionMask = 2147483647;
			files = (
			);
			runOnlyForDeploymentPostprocessing = 0;
		};
		BBE998A32F2A102200C79ED8 /* Resources */ = {
			isa = PBXResourcesBuildPhase;
			buildActionMask = 2147483647;
			files = (
			);
			runOnlyForDeploymentPostprocessing = 0;
		};
/* End PBXResourcesBuildPhase section */

/* Begin PBXSourcesBuildPhase section */
		BBE9988B2F2A0C8900C79ED8 /* Sources */ = {
			isa = PBXSourcesBuildPhase;
			buildActionMask = 2147483647;
			files = (
				BBE998B82F2A15EA00C79ED8 /* AppGroupSettings.swift in Sources */,
				BBE998F12F2A600100C79ED8 /* RoomType.swift in Sources */,
			);
			runOnlyForDeploymentPostprocessing = 0;
		};
		BBE998A12F2A102200C79ED8 /* Sources */ = {
			isa = PBXSourcesBuildPhase;
			buildActionMask = 2147483647;
			files = (
				BBE998B92F2A165300C79ED8 /* AppGroupSettings.swift in Sources */,
				BBE998F22F2A600200C79ED8 /* RoomType.swift in Sources */,
			);
			runOnlyForDeploymentPostprocessing = 0;
		};
/* End PBXSourcesBuildPhase section */

/* Begin PBXTargetDependency section */
		BBE998DD2F2A418D00C79ED8 /* PBXTargetDependency */ = {
			isa = PBXTargetDependency;
			target = BBE998A42F2A102200C79ED8 /* CalendarFreedomExtension */;
			targetProxy = BBE998DC2F2A418D00C79ED8 /* PBXContainerItemProxy */;
		};
		BBE998E22F2A4D1800C79ED8 /* PBXTargetDependency */ = {
			isa = PBXTargetDependency;
			target = BBE998A42F2A102200C79ED8 /* CalendarFreedomExtension */;
			targetProxy = BBE998E12F2A4D1800C79ED8 /* PBXContainerItemProxy */;
		};
		BBE998E62F2A4D8300C79ED8 /* PBXTargetDependency */ = {
			isa = PBXTargetDependency;
			target = BBE998A42F2A102200C79ED8 /* CalendarFreedomExtension */;
			targetProxy = BBE998E52F2A4D8300C79ED8 /* PBXContainerItemProxy */;
		};
		BBE998EA2F2A4D9100C79ED8 /* PBXTargetDependency */ = {
			isa = PBXTargetDependency;
			target = BBE998A42F2A102200C79ED8 /* CalendarFreedomExtension */;
			targetProxy = BBE998E92F2A4D9100C79ED8 /* PBXContainerItemProxy */;
		};
/* End PBXTargetDependency section */

/* Begin XCBuildConfiguration section */
		BBE998982F2A0C8B00C79ED8 /* Debug */ = {
			isa = XCBuildConfiguration;
			buildSettings = {
				ALWAYS_SEARCH_USER_PATHS = NO;
				ASSETCATALOG_COMPILER_GENERATE_SWIFT_ASSET_SYMBOL_EXTENSIONS = YES;
				CLANG_ANALYZER_NONNULL = YES;
				CLANG_ANALYZER_NUMBER_OBJECT_CONVERSION = YES_AGGRESSIVE;
				CLANG_CXX_LANGUAGE_STANDARD = "gnu++20";
				CLANG_ENABLE_MODULES = YES;
				CLANG_ENABLE_OBJC_ARC = YES;
				CLANG_ENABLE_OBJC_WEAK = YES;
				CLANG_WARN_BLOCK_CAPTURE_AUTORELEASING = YES;
				CLANG_WARN_BOOL_CONVERSION = YES;
				CLANG_WARN_COMMA = YES;
				CLANG_WARN_CONSTANT_CONVERSION = YES;
				CLANG_WARN_DEPRECATED_OBJC_IMPLEMENTATIONS = YES;
				CLANG_WARN_DIRECT_OBJC_ISA_USAGE = YES_ERROR;
				CLANG_WARN_DOCUMENTATION_COMMENTS = YES;
				CLANG_WARN_EMPTY_BODY = YES;
				CLANG_WARN_ENUM_CONVERSION = YES;
				CLANG_WARN_INFINITE_RECURSION = YES;
				CLANG_WARN_INT_CONVERSION = YES;
				CLANG_WARN_NON_LITERAL_NULL_CONVERSION = YES;
				CLANG_WARN_OBJC_IMPLICIT_RETAIN_SELF = YES;
				CLANG_WARN_OBJC_LITERAL_CONVERSION = YES;
				CLANG_WARN_OBJC_ROOT_CLASS = YES_ERROR;
				CLANG_WARN_QUOTED_INCLUDE_IN_FRAMEWORK_HEADER = YES;
				CLANG_WARN_RANGE_LOOP_ANALYSIS = YES;
				CLANG_WARN_STRICT_PROTOTYPES = YES;
				CLANG_WARN_SUSPICIOUS_MOVE = YES;
				CLANG_WARN_UNGUARDED_AVAILABILITY = YES_AGGRESSIVE;
				CLANG_WARN_UNREACHABLE_CODE = YES;
				CLANG_WARN__DUPLICATE_METHOD_MATCH = YES;
				COPY_PHASE_STRIP = NO;
				DEBUG_INFORMATION_FORMAT = dwarf;
				ENABLE_STRICT_OBJC_MSGSEND = YES;
				ENABLE_TESTABILITY = YES;
				ENABLE_USER_SCRIPT_SANDBOXING = YES;
				GCC_C_LANGUAGE_STANDARD = gnu17;
				GCC_DYNAMIC_NO_PIC = NO;
				GCC_NO_COMMON_BLOCKS = YES;
				GCC_OPTIMIZATION_LEVEL = 0;
				GCC_PREPROCESSOR_DEFINITIONS = (
					"DEBUG=1",
					"$(inherited)",
				);
				GCC_WARN_64_TO_32_BIT_CONVERSION = YES;
				GCC_WARN_ABOUT_RETURN_TYPE = YES_ERROR;
				GCC_WARN_UNDECLARED_SELECTOR = YES;
				GCC_WARN_UNINITIALIZED_AUTOS = YES_AGGRESSIVE;
				GCC_WARN_UNUSED_FUNCTION = YES;
				GCC_WARN_UNUSED_VARIABLE = YES;
				LOCALIZATION_PREFERS_STRING_CATALOGS = YES;
				MACOSX_DEPLOYMENT_TARGET = 15.0;
				MTL_ENABLE_DEBUG_INFO = INCLUDE_SOURCE;
				MTL_FAST_MATH = YES;
				ONLY_ACTIVE_ARCH = YES;
				SDKROOT = macosx;
				SWIFT_ACTIVE_COMPILATION_CONDITIONS = "DEBUG $(inherited)";
				SWIFT_OPTIMIZATION_LEVEL = "-Onone";
			};
			name = Debug;
		};
		BBE998992F2A0C8B00C79ED8 /* Release */ = {
			isa = XCBuildConfiguration;
			buildSettings = {
				ALWAYS_SEARCH_USER_PATHS = NO;
				ASSETCATALOG_COMPILER_GENERATE_SWIFT_ASSET_SYMBOL_EXTENSIONS = YES;
				CLANG_ANALYZER_NONNULL = YES;
				CLANG_ANALYZER_NUMBER_OBJECT_CONVERSION = YES_AGGRESSIVE;
				CLANG_CXX_LANGUAGE_STANDARD = "gnu++20";
				CLANG_ENABLE_MODULES = YES;
				CLANG_ENABLE_OBJC_ARC = YES;
				CLANG_ENABLE_OBJC_WEAK = YES;
				CLANG_WARN_BLOCK_CAPTURE_AUTORELEASING = YES;
				CLANG_WARN_BOOL_CONVERSION = YES;
				CLANG_WARN_COMMA = YES;
				CLANG_WARN_CONSTANT_CONVERSION = YES;
				CLANG_WARN_DEPRECATED_OBJC_IMPLEMENTATIONS = YES;
				CLANG_WARN_DIRECT_OBJC_ISA_USAGE = YES_ERROR;
				CLANG_WARN_DOCUMENTATION_COMMENTS = YES;
				CLANG_WARN_EMPTY_BODY = YES;
				CLANG_WARN_ENUM_CONVERSION = YES;
				CLANG_WARN_INFINITE_RECURSION = YES;
				CLANG_WARN_INT_CONVERSION = YES;
				CLANG_WARN_NON_LITERAL_NULL_CONVERSION = YES;
				CLANG_WARN_OBJC_IMPLICIT_RETAIN_SELF = YES;
				CLANG_WARN_OBJC_LITERAL_CONVERSION = YES;
				CLANG_WARN_OBJC_ROOT_CLASS = YES_ERROR;
				CLANG_WARN_QUOTED_INCLUDE_IN_FRAMEWORK_HEADER = YES;
				CLANG_WARN_RANGE_LOOP_ANALYSIS = YES;
				CLANG_WARN_STRICT_PROTOTYPES = YES;
				CLANG_WARN_SUSPICIOUS_MOVE = YES;
				CLANG_WARN_UNGUARDED_AVAILABILITY = YES_AGGRESSIVE;
				CLANG_WARN_UNREACHABLE_CODE = YES;
				CLANG_WARN__DUPLICATE_METHOD_MATCH = YES;
				COPY_PHASE_STRIP = NO;
				DEBUG_INFORMATION_FORMAT = "dwarf-with-dsym";
				ENABLE_NS_ASSERTIONS = NO;
				ENABLE_STRICT_OBJC_MSGSEND = YES;
				ENABLE_USER_SCRIPT_SANDBOXING = YES;
				GCC_C_LANGUAGE_STANDARD = gnu17;
				GCC_NO_COMMON_BLOCKS = YES;
				GCC_WARN_64_TO_32_BIT_CONVERSION = YES;
				GCC_WARN_ABOUT_RETURN_TYPE = YES_ERROR;
				GCC_WARN_UNDECLARED_SELECTOR = YES;
				GCC_WARN_UNINITIALIZED_AUTOS = YES_AGGRESSIVE;
				GCC_WARN_UNUSED_FUNCTION = YES;
				GCC_WARN_UNUSED_VARIABLE = YES;
				LOCALIZATION_PREFERS_STRING_CATALOGS = YES;
				MACOSX_DEPLOYMENT_TARGET = 15.0;
				MTL_ENABLE_DEBUG_INFO = NO;
				MTL_FAST_MATH = YES;
				SDKROOT = macosx;
				SWIFT_COMPILATION_MODE = wholemodule;
			};
			name = Release;
		};
		BBE9989B2F2A0C8B00C79ED8 /* Debug */ = {
			isa = XCBuildConfiguration;
			buildSettings = {
				ASSETCATALOG_COMPILER_APPICON_NAME = AppIcon;
				ASSETCATALOG_COMPILER_GLOBAL_ACCENT_COLOR_NAME = AccentColor;
				AUTOMATION_APPLE_EVENTS = NO;
				CODE_SIGN_ENTITLEMENTS = "Calendar Freedom/Calendar Freedom.entitlements";
				CODE_SIGN_IDENTITY = "Apple Development: mechko@haltetdenbeat.de (TKF3C9M57L)";
				"CODE_SIGN_IDENTITY[sdk=macosx*]" = "Apple Development";
				CODE_SIGN_STYLE = Automatic;
				COMBINE_HIDPI_IMAGES = YES;
				CURRENT_PROJECT_VERSION = 1;
				DEVELOPMENT_TEAM = 23WRQFL2S3;
				ENABLE_APP_SANDBOX = YES;
				ENABLE_HARDENED_RUNTIME = NO;
				ENABLE_PREVIEWS = YES;
				ENABLE_RESOURCE_ACCESS_AUDIO_INPUT = NO;
				ENABLE_RESOURCE_ACCESS_CALENDARS = NO;
				ENABLE_RESOURCE_ACCESS_CAMERA = NO;
				ENABLE_RESOURCE_ACCESS_CONTACTS = NO;
				ENABLE_RESOURCE_ACCESS_LOCATION = NO;
				ENABLE_RESOURCE_ACCESS_PHOTO_LIBRARY = NO;
				ENABLE_USER_SELECTED_FILES = readonly;
				GENERATE_INFOPLIST_FILE = YES;
				INFOPLIST_KEY_CFBundleDisplayName = "Calendar Freedom";
				INFOPLIST_KEY_LSApplicationCategoryType = "public.app-category.productivity";
				INFOPLIST_KEY_NSHumanReadableCopyright = "";
				LD_RUNPATH_SEARCH_PATHS = (
					"$(inherited)",
					"@executable_path/../Frameworks",
				);
				MARKETING_VERSION = 1.0;
				PRODUCT_BUNDLE_IDENTIFIER = eu.swillus.CalendarFreedom;
				PRODUCT_NAME = "$(TARGET_NAME)";
				REGISTER_APP_GROUPS = YES;
				STRING_CATALOG_GENERATE_SYMBOLS = YES;
				SWIFT_APPROACHABLE_CONCURRENCY = YES;
				SWIFT_DEFAULT_ACTOR_ISOLATION = MainActor;
				SWIFT_EMIT_LOC_STRINGS = YES;
				SWIFT_UPCOMING_FEATURE_MEMBER_IMPORT_VISIBILITY = YES;
				SWIFT_VERSION = 5.0;
			};
			name = Debug;
		};
		BBE9989C2F2A0C8B00C79ED8 /* Release */ = {
			isa = XCBuildConfiguration;
			buildSettings = {
				ASSETCATALOG_COMPILER_APPICON_NAME = AppIcon;
				ASSETCATALOG_COMPILER_GLOBAL_ACCENT_COLOR_NAME = AccentColor;
				AUTOMATION_APPLE_EVENTS = NO;
				CODE_SIGN_ENTITLEMENTS = "Calendar Freedom/Calendar Freedom.entitlements";
				CODE_SIGN_IDENTITY = "Apple Development: mechko@haltetdenbeat.de (TKF3C9M57L)";
				"CODE_SIGN_IDENTITY[sdk=macosx*]" = "Apple Development";
				CODE_SIGN_STYLE = Automatic;
				COMBINE_HIDPI_IMAGES = YES;
				CURRENT_PROJECT_VERSION = 1;
				DEVELOPMENT_TEAM = 23WRQFL2S3;
				ENABLE_APP_SANDBOX = YES;
				ENABLE_HARDENED_RUNTIME = YES;
				ENABLE_PREVIEWS = YES;
				ENABLE_RESOURCE_ACCESS_AUDIO_INPUT = NO;
				ENABLE_RESOURCE_ACCESS_CALENDARS = NO;
				ENABLE_RESOURCE_ACCESS_CAMERA = NO;
				ENABLE_RESOURCE_ACCESS_CONTACTS = NO;
				ENABLE_RESOURCE_ACCESS_LOCATION = NO;
				ENABLE_RESOURCE_ACCESS_PHOTO_LIBRARY = NO;
				ENABLE_USER_SELECTED_FILES = readonly;
				GENERATE_INFOPLIST_FILE = YES;
				INFOPLIST_KEY_CFBundleDisplayName = "Calendar Freedom";
				INFOPLIST_KEY_LSApplicationCategoryType = "public.app-category.productivity";
				INFOPLIST_KEY_NSHumanReadableCopyright = "";
				LD_RUNPATH_SEARCH_PATHS = (
					"$(inherited)",
					"@executable_path/../Frameworks",
				);
				MARKETING_VERSION = 1.0;
				PRODUCT_BUNDLE_IDENTIFIER = eu.swillus.CalendarFreedom;
				PRODUCT_NAME = "$(TARGET_NAME)";
				REGISTER_APP_GROUPS = YES;
				RUNTIME_EXCEPTION_ALLOW_DYLD_ENVIRONMENT_VARIABLES = NO;
				RUNTIME_EXCEPTION_ALLOW_JIT = NO;
				RUNTIME_EXCEPTION_ALLOW_UNSIGNED_EXECUTABLE_MEMORY = NO;
				RUNTIME_EXCEPTION_DEBUGGING_TOOL = NO;
				RUNTIME_EXCEPTION_DISABLE_EXECUTABLE_PAGE_PROTECTION = NO;
				RUNTIME_EXCEPTION_DISABLE_LIBRARY_VALIDATION = NO;
				STRING_CATALOG_GENERATE_SYMBOLS = YES;
				SWIFT_APPROACHABLE_CONCURRENCY = YES;
				SWIFT_DEFAULT_ACTOR_ISOLATION = MainActor;
				SWIFT_EMIT_LOC_STRINGS = YES;
				SWIFT_UPCOMING_FEATURE_MEMBER_IMPORT_VISIBILITY = YES;
				SWIFT_VERSION = 5.0;
			};
			name = Release;
		};
		BBE998B22F2A102200C79ED8 /* Debug */ = {
			isa = XCBuildConfiguration;
			buildSettings = {
				ASSETCATALOG_COMPILER_APPICON_NAME = AppIcon;
				AUTOMATION_APPLE_EVENTS = NO;
				CODE_SIGN_ENTITLEMENTS = CalendarFreedomExtension/CalendarFreedomExtension.entitlements;
				CODE_SIGN_IDENTITY = "Apple Development: mechko@haltetdenbeat.de (TKF3C9M57L)";
				"CODE_SIGN_IDENTITY[sdk=macosx*]" = "Apple Development";
				CODE_SIGN_STYLE = Automatic;
				CURRENT_PROJECT_VERSION = 1;
				DEVELOPMENT_TEAM = 23WRQFL2S3;
				ENABLE_APP_SANDBOX = YES;
				ENABLE_HARDENED_RUNTIME = NO;
				ENABLE_INCOMING_NETWORK_CONNECTIONS = NO;
				ENABLE_OUTGOING_NETWORK_CONNECTIONS = NO;
				ENABLE_RESOURCE_ACCESS_AUDIO_INPUT = NO;
				ENABLE_RESOURCE_ACCESS_BLUETOOTH = NO;
				ENABLE_RESOURCE_ACCESS_CALENDARS = NO;
				ENABLE_RESOURCE_ACCESS_CAMERA = NO;
				ENABLE_RESOURCE_ACCESS_CONTACTS = NO;
				ENABLE_RESOURCE_ACCESS_LOCATION = NO;
				ENABLE_RESOURCE_ACCESS_PHOTO_LIBRARY = NO;
				ENABLE_RESOURCE_ACCESS_PRINTING = NO;
				ENABLE_RESOURCE_ACCESS_USB = NO;
				GENERATE_INFOPLIST_FILE = YES;
				INFOPLIST_FILE = CalendarFreedomExtension/Info.plist;
				INFOPLIST_KEY_CFBundleDisplayName = CalendarFreedomExtension;
				INFOPLIST_KEY_NSHumanReadableCopyright = "";
				LD_RUNPATH_SEARCH_PATHS = (
					"$(inherited)",
					"@executable_path/../Frameworks",
					"@executable_path/../../../../Frameworks",
				);
				MARKETING_VERSION = 1.0;
				PRODUCT_BUNDLE_IDENTIFIER = eu.swillus.CalendarFreedom.CalendarFreedomExtension;
				PRODUCT_NAME = "$(TARGET_NAME)";
				REGISTER_APP_GROUPS = YES;
				SKIP_INSTALL = YES;
				STRING_CATALOG_GENERATE_SYMBOLS = YES;
				SWIFT_APPROACHABLE_CONCURRENCY = YES;
				SWIFT_EMIT_LOC_STRINGS = YES;
				SWIFT_UPCOMING_FEATURE_MEMBER_IMPORT_VISIBILITY = YES;
				SWIFT_VERSION = 5.0;
			};
			name = Debug;
		};
		BBE998B32F2A102200C79ED8 /* Release */ = {
			isa = XCBuildConfiguration;
			buildSettings = {
				ASSETCATALOG_COMPILER_APPICON_NAME = AppIcon;
				AUTOMATION_APPLE_EVENTS = NO;
				CODE_SIGN_ENTITLEMENTS = CalendarFreedomExtension/CalendarFreedomExtension.entitlements;
				CODE_SIGN_IDENTITY = "Apple Development: mechko@haltetdenbeat.de (TKF3C9M57L)";
				"CODE_SIGN_IDENTITY[sdk=macosx*]" = "Apple Development";
				CODE_SIGN_STYLE = Automatic;
				CURRENT_PROJECT_VERSION = 1;
				DEVELOPMENT_TEAM = 23WRQFL2S3;
				ENABLE_APP_SANDBOX = YES;
				ENABLE_HARDENED_RUNTIME = YES;
				ENABLE_INCOMING_NETWORK_CONNECTIONS = NO;
				ENABLE_OUTGOING_NETWORK_CONNECTIONS = NO;
				ENABLE_RESOURCE_ACCESS_AUDIO_INPUT = NO;
				ENABLE_RESOURCE_ACCESS_BLUETOOTH = NO;
				ENABLE_RESOURCE_ACCESS_CALENDARS = NO;
				ENABLE_RESOURCE_ACCESS_CAMERA = NO;
				ENABLE_RESOURCE_ACCESS_CONTACTS = NO;
				ENABLE_RESOURCE_ACCESS_LOCATION = NO;
				ENABLE_RESOURCE_ACCESS_PHOTO_LIBRARY = NO;
				ENABLE_RESOURCE_ACCESS_PRINTING = NO;
				ENABLE_RESOURCE_ACCESS_USB = NO;
				GENERATE_INFOPLIST_FILE = YES;
				INFOPLIST_FILE = CalendarFreedomExtension/Info.plist;
				INFOPLIST_KEY_CFBundleDisplayName = CalendarFreedomExtension;
				INFOPLIST_KEY_NSHumanReadableCopyright = "";
				LD_RUNPATH_SEARCH_PATHS = (
					"$(inherited)",
					"@executable_path/../Frameworks",
					"@executable_path/../../../../Frameworks",
				);
				MARKETING_VERSION = 1.0;
				PRODUCT_BUNDLE_IDENTIFIER = eu.swillus.CalendarFreedom.CalendarFreedomExtension;
				PRODUCT_NAME = "$(TARGET_NAME)";
				REGISTER_APP_GROUPS = YES;
				RUNTIME_EXCEPTION_ALLOW_DYLD_ENVIRONMENT_VARIABLES = NO;
				RUNTIME_EXCEPTION_ALLOW_JIT = NO;
				RUNTIME_EXCEPTION_ALLOW_UNSIGNED_EXECUTABLE_MEMORY = NO;
				RUNTIME_EXCEPTION_DEBUGGING_TOOL = NO;
				RUNTIME_EXCEPTION_DISABLE_EXECUTABLE_PAGE_PROTECTION = NO;
				RUNTIME_EXCEPTION_DISABLE_LIBRARY_VALIDATION = NO;
				SKIP_INSTALL = YES;
				STRING_CATALOG_GENERATE_SYMBOLS = YES;
				SWIFT_APPROACHABLE_CONCURRENCY = YES;
				SWIFT_EMIT_LOC_STRINGS = YES;
				SWIFT_UPCOMING_FEATURE_MEMBER_IMPORT_VISIBILITY = YES;
				SWIFT_VERSION = 5.0;
			};
			name = Release;
		};
/* End XCBuildConfiguration section */

/* Begin XCConfigurationList section */
		BBE9988A2F2A0C8900C79ED8 /* Build configuration list for PBXProject "Calendar Freedom" */ = {
			isa = XCConfigurationList;
			buildConfigurations = (
				BBE998982F2A0C8B00C79ED8 /* Debug */,
				BBE998992F2A0C8B00C79ED8 /* Release */,
			);
			defaultConfigurationIsVisible = 0;
			defaultConfigurationName = Release;
		};
		BBE9989A2F2A0C8B00C79ED8 /* Build configuration list for PBXNativeTarget "Calendar Freedom" */ = {
			isa = XCConfigurationList;
			buildConfigurations = (
				BBE9989B2F2A0C8B00C79ED8 /* Debug */,
				BBE9989C2F2A0C8B00C79ED8 /* Release */,
			);
			defaultConfigurationIsVisible = 0;
			defaultConfigurationName = Release;
		};
		BBE998B12F2A102200C79ED8 /* Build configuration list for PBXNativeTarget "CalendarFreedomExtension" */ = {
			isa = XCConfigurationList;
			buildConfigurations = (
				BBE998B22F2A102200C79ED8 /* Debug */,
				BBE998B32F2A102200C79ED8 /* Release */,
			);
			defaultConfigurationIsVisible = 0;
			defaultConfigurationName = Release;
		};
/* End XCConfigurationList section */
	};
	rootObject = BBE998872F2A0C8900C79ED8 /* Project object */;
}
